
Microsoft Visual Studio Solution File, Format Version 12.00
# Visual Studio Version 17
VisualStudioVersion = 17.3.32825.248
MinimumVisualStudioVersion = 10.0.40219.1
Project("{FAE04EC0-301F-11D3-BF4B-00C04F79EFBC}") = "DSA", "DSA.csproj", "{2E61BFA6-E9FA-402D-AF93-6125555E955E}"
EndProject
Global
	GlobalSection(SolutionConfigurationPlatforms) = preSolution
		Debug|Any CPU = Debug|Any CPU
		Release|Any CPU = Release|Any CPU
	EndGlobalSection
	GlobalSection(ProjectConfigurationPlatforms) = postSolution
		{2E61BFA6-E9FA-402D-AF93-6125555E955E}.Debug|Any CPU.ActiveCfg = Debug|Any CPU
		{2E61BFA6-E9FA-402D-AF93-6125555E955E}.Debug|Any CPU.Build.0 = Debug|Any CPU
		{2E61BFA6-E9FA-402D-AF93-6125555E955E}.Release|Any CPU.ActiveCfg = Release|Any CPU
		{2E61BFA6-E9FA-402D-AF93-6125555E955E}.Release|Any CPU.Build.0 = Release|Any CPU
	EndGlobalSection
	GlobalSection(SolutionProperties) = preSolution
		HideSolutionNode = FALSE
	EndGlobalSection
	GlobalSection(ExtensibilityGlobals) = postSolution
		SolutionGuid = {9C428EBA-2CF0-4DD3-B65E-0751E67CB4A3}
	EndGlobalSection
EndGlobal
